// !$*UTF8*$!
{
	archiveVersion = 1;
	classes = {
	};
	objectVersion = 56;
	objects = {

/* Begin PBXBuildFile section */
		4D2AED092A847C4B00E78B27 /* InsulinCalc.swift in Sources */ = {isa = PBXBuildFile; fileRef = 4D2AED082A847C4B00E78B27 /* InsulinCalc.swift */; };
		4D797BDA2A7678C200F2B571 /* Insulin_CalculatorApp.swift in Sources */ = {isa = PBXBuildFile; fileRef = 4D797BD92A7678C200F2B571 /* Insulin_CalculatorApp.swift */; };
		4D797BDC2A7678C200F2B571 /* CalculationHash.swift in Sources */ = {isa = PBXBuildFile; fileRef = 4D797BDB2A7678C200F2B571 /* CalculationHash.swift */; };
		4D797BDE2A7678C300F2B571 /* Assets.xcassets in Resources */ = {isa = PBXBuildFile; fileRef = 4D797BDD2A7678C300F2B571 /* Assets.xcassets */; };
		4D797BE12A7678C300F2B571 /* Preview Assets.xcassets in Resources */ = {isa = PBXBuildFile; fileRef = 4D797BE02A7678C300F2B571 /* Preview Assets.xcassets */; };
		4D797BEA2A7E188E00F2B571 /* MainTabBar.swift in Sources */ = {isa = PBXBuildFile; fileRef = 4D797BE92A7E188E00F2B571 /* MainTabBar.swift */; };
		4D797BEC2A7E394E00F2B571 /* CalculationProducts.swift in Sources */ = {isa = PBXBuildFile; fileRef = 4D797BEB2A7E394E00F2B571 /* CalculationProducts.swift */; };
		4DBA32FF2A8DF82A00DDB3AA /* Popup.swift in Sources */ = {isa = PBXBuildFile; fileRef = 4DBA32FE2A8DF82A00DDB3AA /* Popup.swift */; };
		4DFE32B62A81DDE400886AAE /* ProductModel.swift in Sources */ = {isa = PBXBuildFile; fileRef = 4DFE32B52A81DDE300886AAE /* ProductModel.swift */; };
		4DFE32B82A81DF4300886AAE /* Product.swift in Sources */ = {isa = PBXBuildFile; fileRef = 4DFE32B72A81DF4300886AAE /* Product.swift */; };
		4DFE32BA2A81E1E300886AAE /* ProductListView.swift in Sources */ = {isa = PBXBuildFile; fileRef = 4DFE32B92A81E1E300886AAE /* ProductListView.swift */; };
		4DFE32BC2A81E33700886AAE /* ProductViewModel.swift in Sources */ = {isa = PBXBuildFile; fileRef = 4DFE32BB2A81E33700886AAE /* ProductViewModel.swift */; };
		4DFE32BF2A81FCED00886AAE /* ProductsCatalog.swift in Sources */ = {isa = PBXBuildFile; fileRef = 4DFE32BE2A81FCED00886AAE /* ProductsCatalog.swift */; };
/* End PBXBuildFile section */

/* Begin PBXFileReference section */
		4D2AED082A847C4B00E78B27 /* InsulinCalc.swift */ = {isa = PBXFileReference; lastKnownFileType = sourcecode.swift; path = InsulinCalc.swift; sourceTree = "<group>"; };
		4D797BD62A7678C200F2B571 /* Insulin Calculator.app */ = {isa = PBXFileReference; explicitFileType = wrapper.application; includeInIndex = 0; path = "Insulin Calculator.app"; sourceTree = BUILT_PRODUCTS_DIR; };
		4D797BD92A7678C200F2B571 /* Insulin_CalculatorApp.swift */ = {isa = PBXFileReference; lastKnownFileType = sourcecode.swift; path = Insulin_CalculatorApp.swift; sourceTree = "<group>"; };
		4D797BDB2A7678C200F2B571 /* CalculationHash.swift */ = {isa = PBXFileReference; lastKnownFileType = sourcecode.swift; path = CalculationHash.swift; sourceTree = "<group>"; };
		4D797BDD2A7678C300F2B571 /* Assets.xcassets */ = {isa = PBXFileReference; lastKnownFileType = folder.assetcatalog; path = Assets.xcassets; sourceTree = "<group>"; };
		4D797BE02A7678C300F2B571 /* Preview Assets.xcassets */ = {isa = PBXFileReference; lastKnownFileType = folder.assetcatalog; path = "Preview Assets.xcassets"; sourceTree = "<group>"; };
		4D797BE92A7E188E00F2B571 /* MainTabBar.swift */ = {isa = PBXFileReference; lastKnownFileType = sourcecode.swift; path = MainTabBar.swift; sourceTree = "<group>"; };
		4D797BEB2A7E394E00F2B571 /* CalculationProducts.swift */ = {isa = PBXFileReference; lastKnownFileType = sourcecode.swift; path = CalculationProducts.swift; sourceTree = "<group>"; };
		4DBA32FE2A8DF82A00DDB3AA /* Popup.swift */ = {isa = PBXFileReference; lastKnownFileType = sourcecode.swift; path = Popup.swift; sourceTree = "<group>"; };
		4DFE32B52A81DDE300886AAE /* ProductModel.swift */ = {isa = PBXFileReference; lastKnownFileType = sourcecode.swift; path = ProductModel.swift; sourceTree = "<group>"; };
		4DFE32B72A81DF4300886AAE /* Product.swift */ = {isa = PBXFileReference; lastKnownFileType = sourcecode.swift; path = Product.swift; sourceTree = "<group>"; };
		4DFE32B92A81E1E300886AAE /* ProductListView.swift */ = {isa = PBXFileReference; lastKnownFileType = sourcecode.swift; path = ProductListView.swift; sourceTree = "<group>"; };
		4DFE32BB2A81E33700886AAE /* ProductViewModel.swift */ = {isa = PBXFileReference; lastKnownFileType = sourcecode.swift; path = ProductViewModel.swift; sourceTree = "<group>"; };
		4DFE32BE2A81FCED00886AAE /* ProductsCatalog.swift */ = {isa = PBXFileReference; lastKnownFileType = sourcecode.swift; path = ProductsCatalog.swift; sourceTree = "<group>"; };
/* End PBXFileReference section */

/* Begin PBXFrameworksBuildPhase section */
		4D797BD32A7678C200F2B571 /* Frameworks */ = {
			isa = PBXFrameworksBuildPhase;
			buildActionMask = 2147483647;
			files = (
			);
			runOnlyForDeploymentPostprocessing = 0;
		};
/* End PBXFrameworksBuildPhase section */

/* Begin PBXGroup section */
		4D797BCD2A7678C200F2B571 = {
			isa = PBXGroup;
			children = (
				4D797BD82A7678C200F2B571 /* Insulin Calculator */,
				4D797BD72A7678C200F2B571 /* Products */,
			);
			sourceTree = "<group>";
		};
		4D797BD72A7678C200F2B571 /* Products */ = {
			isa = PBXGroup;
			children = (
				4D797BD62A7678C200F2B571 /* Insulin Calculator.app */,
			);
			name = Products;
			sourceTree = "<group>";
		};
		4D797BD82A7678C200F2B571 /* Insulin Calculator */ = {
			isa = PBXGroup;
			children = (
				4D797BD92A7678C200F2B571 /* Insulin_CalculatorApp.swift */,
				4D2AED082A847C4B00E78B27 /* InsulinCalc.swift */,
				4D797BE72A76791200F2B571 /* ViewModel */,
				4D797BE82A767A6B00F2B571 /* View */,
				4D797BDD2A7678C300F2B571 /* Assets.xcassets */,
				4D797BDF2A7678C300F2B571 /* Preview Content */,
			);
			path = "Insulin Calculator";
			sourceTree = "<group>";
		};
		4D797BDF2A7678C300F2B571 /* Preview Content */ = {
			isa = PBXGroup;
			children = (
				4D797BE02A7678C300F2B571 /* Preview Assets.xcassets */,
			);
			path = "Preview Content";
			sourceTree = "<group>";
		};
		4D797BE72A76791200F2B571 /* ViewModel */ = {
			isa = PBXGroup;
			children = (
				4DFE32BB2A81E33700886AAE /* ProductViewModel.swift */,
				4DFE32B52A81DDE300886AAE /* ProductModel.swift */,
				4DFE32B72A81DF4300886AAE /* Product.swift */,
				4DFE32BE2A81FCED00886AAE /* ProductsCatalog.swift */,
			);
			path = ViewModel;
			sourceTree = "<group>";
		};
		4D797BE82A767A6B00F2B571 /* View */ = {
			isa = PBXGroup;
			children = (
				4DFE32BD2A81E33F00886AAE /* Components */,
				4D797BE92A7E188E00F2B571 /* MainTabBar.swift */,
				4D797BDB2A7678C200F2B571 /* CalculationHash.swift */,
				4D797BEB2A7E394E00F2B571 /* CalculationProducts.swift */,
				4DFE32B92A81E1E300886AAE /* ProductListView.swift */,
			);
			path = View;
			sourceTree = "<group>";
		};
		4DFE32BD2A81E33F00886AAE /* Components */ = {
			isa = PBXGroup;
			children = (
				4DBA32FE2A8DF82A00DDB3AA /* Popup.swift */,
			);
			path = Components;
			sourceTree = "<group>";
		};
/* End PBXGroup section */

/* Begin PBXNativeTarget section */
		4D797BD52A7678C200F2B571 /* Insulin Calculator */ = {
			isa = PBXNativeTarget;
			buildConfigurationList = 4D797BE42A7678C300F2B571 /* Build configuration list for PBXNativeTarget "Insulin Calculator" */;
			buildPhases = (
				4D797BD22A7678C200F2B571 /* Sources */,
				4D797BD32A7678C200F2B571 /* Frameworks */,
				4D797BD42A7678C200F2B571 /* Resources */,
			);
			buildRules = (
			);
			dependencies = (
			);
			name = "Insulin Calculator";
			productName = "Insulin Calculator";
			productReference = 4D797BD62A7678C200F2B571 /* Insulin Calculator.app */;
			productType = "com.apple.product-type.application";
		};
/* End PBXNativeTarget section */

/* Begin PBXProject section */
		4D797BCE2A7678C200F2B571 /* Project object */ = {
			isa = PBXProject;
			attributes = {
				BuildIndependentTargetsInParallel = 1;
				LastSwiftUpdateCheck = 1430;
				LastUpgradeCheck = 1430;
				TargetAttributes = {
					4D797BD52A7678C200F2B571 = {
						CreatedOnToolsVersion = 14.3.1;
					};
				};
			};
			buildConfigurationList = 4D797BD12A7678C200F2B571 /* Build configuration list for PBXProject "Insulin Calculator" */;
			compatibilityVersion = "Xcode 14.0";
			developmentRegion = en;
			hasScannedForEncodings = 0;
			knownRegions = (
				en,
				Base,
			);
			mainGroup = 4D797BCD2A7678C200F2B571;
			productRefGroup = 4D797BD72A7678C200F2B571 /* Products */;
			projectDirPath = "";
			projectRoot = "";
			targets = (
				4D797BD52A7678C200F2B571 /* Insulin Calculator */,
			);
		};
/* End PBXProject section */

/* Begin PBXResourcesBuildPhase section */
		4D797BD42A7678C200F2B571 /* Resources */ = {
			isa = PBXResourcesBuildPhase;
			buildActionMask = 2147483647;
			files = (
				4D797BE12A7678C300F2B571 /* Preview Assets.xcassets in Resources */,
				4D797BDE2A7678C300F2B571 /* Assets.xcassets in Resources */,
			);
			runOnlyForDeploymentPostprocessing = 0;
		};
/* End PBXResourcesBuildPhase section */

/* Begin PBXSourcesBuildPhase section */
		4D797BD22A7678C200F2B571 /* Sources */ = {
			isa = PBXSourcesBuildPhase;
			buildActionMask = 2147483647;
			files = (
				4D797BEA2A7E188E00F2B571 /* MainTabBar.swift in Sources */,
				4D2AED092A847C4B00E78B27 /* InsulinCalc.swift in Sources */,
				4D797BDC2A7678C200F2B571 /* CalculationHash.swift in Sources */,
				4DFE32BA2A81E1E300886AAE /* ProductListView.swift in Sources */,
				4D797BDA2A7678C200F2B571 /* Insulin_CalculatorApp.swift in Sources */,
				4D797BEC2A7E394E00F2B571 /* CalculationProducts.swift in Sources */,
				4DFE32B62A81DDE400886AAE /* ProductModel.swift in Sources */,
				4DFE32BC2A81E33700886AAE /* ProductViewModel.swift in Sources */,
				4DFE32BF2A81FCED00886AAE /* ProductsCatalog.swift in Sources */,
				4DBA32FF2A8DF82A00DDB3AA /* Popup.swift in Sources */,
				4DFE32B82A81DF4300886AAE /* Product.swift in Sources */,
			);
			runOnlyForDeploymentPostprocessing = 0;
		};
/* End PBXSourcesBuildPhase section */

/* Begin XCBuildConfiguration section */
		4D797BE22A7678C300F2B571 /* Debug */ = {
			isa = XCBuildConfiguration;
			buildSettings = {
				ALWAYS_SEARCH_USER_PATHS = NO;
				CLANG_ANALYZER_NONNULL = YES;
				CLANG_ANALYZER_NUMBER_OBJECT_CONVERSION = YES_AGGRESSIVE;
				CLANG_CXX_LANGUAGE_STANDARD = "gnu++20";
				CLANG_ENABLE_MODULES = YES;
				CLANG_ENABLE_OBJC_ARC = YES;
				CLANG_ENABLE_OBJC_WEAK = YES;
				CLANG_WARN_BLOCK_CAPTURE_AUTORELEASING = YES;
				CLANG_WARN_BOOL_CONVERSION = YES;
				CLANG_WARN_COMMA = YES;
				CLANG_WARN_CONSTANT_CONVERSION = YES;
				CLANG_WARN_DEPRECATED_OBJC_IMPLEMENTATIONS = YES;
				CLANG_WARN_DIRECT_OBJC_ISA_USAGE = YES_ERROR;
				CLANG_WARN_DOCUMENTATION_COMMENTS = YES;
				CLANG_WARN_EMPTY_BODY = YES;
				CLANG_WARN_ENUM_CONVERSION = YES;
				CLANG_WARN_INFINITE_RECURSION = YES;
				CLANG_WARN_INT_CONVERSION = YES;
				CLANG_WARN_NON_LITERAL_NULL_CONVERSION = YES;
				CLANG_WARN_OBJC_IMPLICIT_RETAIN_SELF = YES;
				CLANG_WARN_OBJC_LITERAL_CONVERSION = YES;
				CLANG_WARN_OBJC_ROOT_CLASS = YES_ERROR;
				CLANG_WARN_QUOTED_INCLUDE_IN_FRAMEWORK_HEADER = YES;
				CLANG_WARN_RANGE_LOOP_ANALYSIS = YES;
				CLANG_WARN_STRICT_PROTOTYPES = YES;
				CLANG_WARN_SUSPICIOUS_MOVE = YES;
				CLANG_WARN_UNGUARDED_AVAILABILITY = YES_AGGRESSIVE;
				CLANG_WARN_UNREACHABLE_CODE = YES;
				CLANG_WARN__DUPLICATE_METHOD_MATCH = YES;
				COPY_PHASE_STRIP = NO;
				DEBUG_INFORMATION_FORMAT = dwarf;
				ENABLE_STRICT_OBJC_MSGSEND = YES;
				ENABLE_TESTABILITY = YES;
				GCC_C_LANGUAGE_STANDARD = gnu11;
				GCC_DYNAMIC_NO_PIC = NO;
				GCC_NO_COMMON_BLOCKS = YES;
				GCC_OPTIMIZATION_LEVEL = 0;
				GCC_PREPROCESSOR_DEFINITIONS = (
					"DEBUG=1",
					"$(inherited)",
				);
				GCC_WARN_64_TO_32_BIT_CONVERSION = YES;
				GCC_WARN_ABOUT_RETURN_TYPE = YES_ERROR;
				GCC_WARN_UNDECLARED_SELECTOR = YES;
				GCC_WARN_UNINITIALIZED_AUTOS = YES_AGGRESSIVE;
				GCC_WARN_UNUSED_FUNCTION = YES;
				GCC_WARN_UNUSED_VARIABLE = YES;
				IPHONEOS_DEPLOYMENT_TARGET = 16.4;
				MTL_ENABLE_DEBUG_INFO = INCLUDE_SOURCE;
				MTL_FAST_MATH = YES;
				ONLY_ACTIVE_ARCH = YES;
				SDKROOT = iphoneos;
				SWIFT_ACTIVE_COMPILATION_CONDITIONS = DEBUG;
				SWIFT_OPTIMIZATION_LEVEL = "-Onone";
			};
			name = Debug;
		};
		4D797BE32A7678C300F2B571 /* Release */ = {
			isa = XCBuildConfiguration;
			buildSettings = {
				ALWAYS_SEARCH_USER_PATHS = NO;
				CLANG_ANALYZER_NONNULL = YES;
				CLANG_ANALYZER_NUMBER_OBJECT_CONVERSION = YES_AGGRESSIVE;
				CLANG_CXX_LANGUAGE_STANDARD = "gnu++20";
				CLANG_ENABLE_MODULES = YES;
				CLANG_ENABLE_OBJC_ARC = YES;
				CLANG_ENABLE_OBJC_WEAK = YES;
				CLANG_WARN_BLOCK_CAPTURE_AUTORELEASING = YES;
				CLANG_WARN_BOOL_CONVERSION = YES;
				CLANG_WARN_COMMA = YES;
				CLANG_WARN_CONSTANT_CONVERSION = YES;
				CLANG_WARN_DEPRECATED_OBJC_IMPLEMENTATIONS = YES;
				CLANG_WARN_DIRECT_OBJC_ISA_USAGE = YES_ERROR;
				CLANG_WARN_DOCUMENTATION_COMMENTS = YES;
				CLANG_WARN_EMPTY_BODY = YES;
				CLANG_WARN_ENUM_CONVERSION = YES;
				CLANG_WARN_INFINITE_RECURSION = YES;
				CLANG_WARN_INT_CONVERSION = YES;
				CLANG_WARN_NON_LITERAL_NULL_CONVERSION = YES;
				CLANG_WARN_OBJC_IMPLICIT_RETAIN_SELF = YES;
				CLANG_WARN_OBJC_LITERAL_CONVERSION = YES;
				CLANG_WARN_OBJC_ROOT_CLASS = YES_ERROR;
				CLANG_WARN_QUOTED_INCLUDE_IN_FRAMEWORK_HEADER = YES;
				CLANG_WARN_RANGE_LOOP_ANALYSIS = YES;
				CLANG_WARN_STRICT_PROTOTYPES = YES;
				CLANG_WARN_SUSPICIOUS_MOVE = YES;
				CLANG_WARN_UNGUARDED_AVAILABILITY = YES_AGGRESSIVE;
				CLANG_WARN_UNREACHABLE_CODE = YES;
				CLANG_WARN__DUPLICATE_METHOD_MATCH = YES;
				COPY_PHASE_STRIP = NO;
				DEBUG_INFORMATION_FORMAT = "dwarf-with-dsym";
				ENABLE_NS_ASSERTIONS = NO;
				ENABLE_STRICT_OBJC_MSGSEND = YES;
				GCC_C_LANGUAGE_STANDARD = gnu11;
				GCC_NO_COMMON_BLOCKS = YES;
				GCC_WARN_64_TO_32_BIT_CONVERSION = YES;
				GCC_WARN_ABOUT_RETURN_TYPE = YES_ERROR;
				GCC_WARN_UNDECLARED_SELECTOR = YES;
				GCC_WARN_UNINITIALIZED_AUTOS = YES_AGGRESSIVE;
				GCC_WARN_UNUSED_FUNCTION = YES;
				GCC_WARN_UNUSED_VARIABLE = YES;
				IPHONEOS_DEPLOYMENT_TARGET = 16.4;
				MTL_ENABLE_DEBUG_INFO = NO;
				MTL_FAST_MATH = YES;
				SDKROOT = iphoneos;
				SWIFT_COMPILATION_MODE = wholemodule;
				SWIFT_OPTIMIZATION_LEVEL = "-O";
				VALIDATE_PRODUCT = YES;
			};
			name = Release;
		};
		4D797BE52A7678C300F2B571 /* Debug */ = {
			isa = XCBuildConfiguration;
			buildSettings = {
				ASSETCATALOG_COMPILER_APPICON_NAME = AppIcon;
				ASSETCATALOG_COMPILER_GLOBAL_ACCENT_COLOR_NAME = AccentColor;
				CODE_SIGN_STYLE = Automatic;
				CURRENT_PROJECT_VERSION = 1;
				DEVELOPMENT_ASSET_PATHS = "\"Insulin Calculator/Preview Content\"";
				DEVELOPMENT_TEAM = 94NXQHADQG;
				ENABLE_PREVIEWS = YES;
				GENERATE_INFOPLIST_FILE = YES;
				INFOPLIST_KEY_UIApplicationSceneManifest_Generation = YES;
				INFOPLIST_KEY_UIApplicationSupportsIndirectInputEvents = YES;
				INFOPLIST_KEY_UILaunchScreen_Generation = YES;
				INFOPLIST_KEY_UISupportedInterfaceOrientations_iPad = "UIInterfaceOrientationPortrait UIInterfaceOrientationPortraitUpsideDown UIInterfaceOrientationLandscapeLeft UIInterfaceOrientationLandscapeRight";
				INFOPLIST_KEY_UISupportedInterfaceOrientations_iPhone = "UIInterfaceOrientationPortrait UIInterfaceOrientationLandscapeLeft UIInterfaceOrientationLandscapeRight";
				LD_RUNPATH_SEARCH_PATHS = (
					"$(inherited)",
					"@executable_path/Frameworks",
				);
				MARKETING_VERSION = 1.0;
				PRODUCT_BUNDLE_IDENTIFIER = "com.antonfondov.Insulin-Calculator";
				PRODUCT_NAME = "$(TARGET_NAME)";
				SWIFT_EMIT_LOC_STRINGS = YES;
				SWIFT_VERSION = 5.0;
				TARGETED_DEVICE_FAMILY = "1,2";
			};
			name = Debug;
		};
		4D797BE62A7678C300F2B571 /* Release */ = {
			isa = XCBuildConfiguration;
			buildSettings = {
				ASSETCATALOG_COMPILER_APPICON_NAME = AppIcon;
				ASSETCATALOG_COMPILER_GLOBAL_ACCENT_COLOR_NAME = AccentColor;
				CODE_SIGN_STYLE = Automatic;
				CURRENT_PROJECT_VERSION = 1;
				DEVELOPMENT_ASSET_PATHS = "\"Insulin Calculator/Preview Content\"";
				DEVELOPMENT_TEAM = 94NXQHADQG;
				ENABLE_PREVIEWS = YES;
				GENERATE_INFOPLIST_FILE = YES;
				INFOPLIST_KEY_UIApplicationSceneManifest_Generation = YES;
				INFOPLIST_KEY_UIApplicationSupportsIndirectInputEvents = YES;
				INFOPLIST_KEY_UILaunchScreen_Generation = YES;
				INFOPLIST_KEY_UISupportedInterfaceOrientations_iPad = "UIInterfaceOrientationPortrait UIInterfaceOrientationPortraitUpsideDown UIInterfaceOrientationLandscapeLeft UIInterfaceOrientationLandscapeRight";
				INFOPLIST_KEY_UISupportedInterfaceOrientations_iPhone = "UIInterfaceOrientationPortrait UIInterfaceOrientationLandscapeLeft UIInterfaceOrientationLandscapeRight";
				LD_RUNPATH_SEARCH_PATHS = (
					"$(inherited)",
					"@executable_path/Frameworks",
				);
				MARKETING_VERSION = 1.0;
				PRODUCT_BUNDLE_IDENTIFIER = "com.antonfondov.Insulin-Calculator";
				PRODUCT_NAME = "$(TARGET_NAME)";
				SWIFT_EMIT_LOC_STRINGS = YES;
				SWIFT_VERSION = 5.0;
				TARGETED_DEVICE_FAMILY = "1,2";
			};
			name = Release;
		};
/* End XCBuildConfiguration section */

/* Begin XCConfigurationList section */
		4D797BD12A7678C200F2B571 /* Build configuration list for PBXProject "Insulin Calculator" */ = {
			isa = XCConfigurationList;
			buildConfigurations = (
				4D797BE22A7678C300F2B571 /* Debug */,
				4D797BE32A7678C300F2B571 /* Release */,
			);
			defaultConfigurationIsVisible = 0;
			defaultConfigurationName = Release;
		};
		4D797BE42A7678C300F2B571 /* Build configuration list for PBXNativeTarget "Insulin Calculator" */ = {
			isa = XCConfigurationList;
			buildConfigurations = (
				4D797BE52A7678C300F2B571 /* Debug */,
				4D797BE62A7678C300F2B571 /* Release */,
			);
			defaultConfigurationIsVisible = 0;
			defaultConfigurationName = Release;
		};
/* End XCConfigurationList section */
	};
	rootObject = 4D797BCE2A7678C200F2B571 /* Project object */;
}
